
Microsoft Visual Studio Solution File, Format Version 12.00
# Visual Studio 15
VisualStudioVersion = 15.0.27004.2005
MinimumVisualStudioVersion = 10.0.40219.1
Project("{2150E333-8FDC-42A3-9474-1A3956D46DE8}") = "Solution Items", "Solution Items", "{A7220DAE-21C2-490B-ACB2-EEA5F7605AE4}"
	ProjectSection(SolutionItems) = preProject
		.gitignore = .gitignore
		.runsettings = .runsettings
	EndProjectSection
EndProject
Project("{9A19103F-16F7-4668-BE54-9A1E7A4F7556}") = "AkkaTestingHelpers", "AkkaTestingHelpers\AkkaTestingHelpers.csproj", "{1E037E01-7D5A-4B8B-B7C3-907734C3D942}"
EndProject
Project("{FAE04EC0-301F-11D3-BF4B-00C04F79EFBC}") = "AkkaTestingHelpers.SmallTests", "AkkaTestingHelpers.SmallTests\AkkaTestingHelpers.SmallTests.csproj", "{307381B8-1DD1-4877-8A09-EB86A91721EB}"
EndProject
Project("{FAE04EC0-301F-11D3-BF4B-00C04F79EFBC}") = "AkkaTestingHelpers.MediumTests", "AkkaTestingHelpers.MediumTests\AkkaTestingHelpers.MediumTests.csproj", "{86CE1CF8-FA51-49C7-90F5-7DEA58FABCDB}"
EndProject
Global
	GlobalSection(SolutionConfigurationPlatforms) = preSolution
		Debug|Any CPU = Debug|Any CPU
		Release|Any CPU = Release|Any CPU
	EndGlobalSection
	GlobalSection(ProjectConfigurationPlatforms) = postSolution
		{1E037E01-7D5A-4B8B-B7C3-907734C3D942}.Debug|Any CPU.ActiveCfg = Debug|Any CPU
		{1E037E01-7D5A-4B8B-B7C3-907734C3D942}.Debug|Any CPU.Build.0 = Debug|Any CPU
		{1E037E01-7D5A-4B8B-B7C3-907734C3D942}.Release|Any CPU.ActiveCfg = Release|Any CPU
		{1E037E01-7D5A-4B8B-B7C3-907734C3D942}.Release|Any CPU.Build.0 = Release|Any CPU
		{307381B8-1DD1-4877-8A09-EB86A91721EB}.Debug|Any CPU.ActiveCfg = Debug|Any CPU
		{307381B8-1DD1-4877-8A09-EB86A91721EB}.Debug|Any CPU.Build.0 = Debug|Any CPU
		{307381B8-1DD1-4877-8A09-EB86A91721EB}.Release|Any CPU.ActiveCfg = Release|Any CPU
		{307381B8-1DD1-4877-8A09-EB86A91721EB}.Release|Any CPU.Build.0 = Release|Any CPU
		{86CE1CF8-FA51-49C7-90F5-7DEA58FABCDB}.Debug|Any CPU.ActiveCfg = Debug|Any CPU
		{86CE1CF8-FA51-49C7-90F5-7DEA58FABCDB}.Debug|Any CPU.Build.0 = Debug|Any CPU
		{86CE1CF8-FA51-49C7-90F5-7DEA58FABCDB}.Release|Any CPU.ActiveCfg = Release|Any CPU
		{86CE1CF8-FA51-49C7-90F5-7DEA58FABCDB}.Release|Any CPU.Build.0 = Release|Any CPU
	EndGlobalSection
	GlobalSection(SolutionProperties) = preSolution
		HideSolutionNode = FALSE
	EndGlobalSection
	GlobalSection(ExtensibilityGlobals) = postSolution
		SolutionGuid = {F1DD223E-49FD-4820-BFF3-DE0480C7940B}
	EndGlobalSection
EndGlobal
