
Microsoft Visual Studio Solution File, Format Version 12.00
# Visual Studio 15
VisualStudioVersion = 15.0.26730.16
MinimumVisualStudioVersion = 10.0.40219.1
Project("{FAE04EC0-301F-11D3-BF4B-00C04F79EFBC}") = "AkkaTestingHelpers.DI.SmallTests", "AkkaTestingHelpers.DI.SmallTests\AkkaTestingHelpers.DI.SmallTests.csproj", "{307381B8-1DD1-4877-8A09-EB86A91721EB}"
EndProject
Project("{FAE04EC0-301F-11D3-BF4B-00C04F79EFBC}") = "AkkaTestingHelpers.DI.MediumTests", "AkkaTestingHelpers.DI.MediumTests\AkkaTestingHelpers.DI.MediumTests.csproj", "{86CE1CF8-FA51-49C7-90F5-7DEA58FABCDB}"
EndProject
Project("{2150E333-8FDC-42A3-9474-1A3956D46DE8}") = "Solution Items", "Solution Items", "{A7220DAE-21C2-490B-ACB2-EEA5F7605AE4}"
	ProjectSection(SolutionItems) = preProject
		.runsettings = .runsettings
	EndProjectSection
EndProject
Project("{FAE04EC0-301F-11D3-BF4B-00C04F79EFBC}") = "AkkaTestingHelpers.DI", "AkkaTestingHelpers.DI\AkkaTestingHelpers.DI.csproj", "{92208278-74ED-42B7-B90B-9CC8DE43D329}"
EndProject
Global
	GlobalSection(SolutionConfigurationPlatforms) = preSolution
		Debug|Any CPU = Debug|Any CPU
		Release|Any CPU = Release|Any CPU
	EndGlobalSection
	GlobalSection(ProjectConfigurationPlatforms) = postSolution
		{307381B8-1DD1-4877-8A09-EB86A91721EB}.Debug|Any CPU.ActiveCfg = Debug|Any CPU
		{307381B8-1DD1-4877-8A09-EB86A91721EB}.Debug|Any CPU.Build.0 = Debug|Any CPU
		{307381B8-1DD1-4877-8A09-EB86A91721EB}.Release|Any CPU.ActiveCfg = Release|Any CPU
		{307381B8-1DD1-4877-8A09-EB86A91721EB}.Release|Any CPU.Build.0 = Release|Any CPU
		{86CE1CF8-FA51-49C7-90F5-7DEA58FABCDB}.Debug|Any CPU.ActiveCfg = Debug|Any CPU
		{86CE1CF8-FA51-49C7-90F5-7DEA58FABCDB}.Debug|Any CPU.Build.0 = Debug|Any CPU
		{86CE1CF8-FA51-49C7-90F5-7DEA58FABCDB}.Release|Any CPU.ActiveCfg = Release|Any CPU
		{86CE1CF8-FA51-49C7-90F5-7DEA58FABCDB}.Release|Any CPU.Build.0 = Release|Any CPU
		{92208278-74ED-42B7-B90B-9CC8DE43D329}.Debug|Any CPU.ActiveCfg = Debug|Any CPU
		{92208278-74ED-42B7-B90B-9CC8DE43D329}.Debug|Any CPU.Build.0 = Debug|Any CPU
		{92208278-74ED-42B7-B90B-9CC8DE43D329}.Release|Any CPU.ActiveCfg = Release|Any CPU
		{92208278-74ED-42B7-B90B-9CC8DE43D329}.Release|Any CPU.Build.0 = Release|Any CPU
	EndGlobalSection
	GlobalSection(SolutionProperties) = preSolution
		HideSolutionNode = FALSE
	EndGlobalSection
	GlobalSection(ExtensibilityGlobals) = postSolution
		SolutionGuid = {F1DD223E-49FD-4820-BFF3-DE0480C7940B}
	EndGlobalSection
EndGlobal
